
Microsoft Visual Studio Solution File, Format Version 12.00
# Visual Studio Version 16
VisualStudioVersion = 16.0.31410.357
MinimumVisualStudioVersion = 10.0.40219.1
Project("{FAE04EC0-301F-11D3-BF4B-00C04F79EFBC}") = "MvcProjeKampi", "MvcProjeKampi\MvcProjeKampi.csproj", "{A12BAA4C-BD19-4254-A5DD-CFEF280C992F}"
EndProject
Project("{FAE04EC0-301F-11D3-BF4B-00C04F79EFBC}") = "Business", "Business\Business.csproj", "{B5BCA259-C955-45C9-AF62-12651F6B93D3}"
EndProject
Project("{FAE04EC0-301F-11D3-BF4B-00C04F79EFBC}") = "Entities", "Entities\Entities.csproj", "{5EAFB464-A6BC-47E1-A05C-B656AB264F76}"
EndProject
Project("{FAE04EC0-301F-11D3-BF4B-00C04F79EFBC}") = "DataAccsess", "DataAccsess\DataAccsess.csproj", "{E2877D3A-8562-4AAA-A452-5AC49E2645FF}"
EndProject
Global
	GlobalSection(SolutionConfigurationPlatforms) = preSolution
		Debug|Any CPU = Debug|Any CPU
		Release|Any CPU = Release|Any CPU
	EndGlobalSection
	GlobalSection(ProjectConfigurationPlatforms) = postSolution
		{A12BAA4C-BD19-4254-A5DD-CFEF280C992F}.Debug|Any CPU.ActiveCfg = Debug|Any CPU
		{A12BAA4C-BD19-4254-A5DD-CFEF280C992F}.Debug|Any CPU.Build.0 = Debug|Any CPU
		{A12BAA4C-BD19-4254-A5DD-CFEF280C992F}.Release|Any CPU.ActiveCfg = Release|Any CPU
		{A12BAA4C-BD19-4254-A5DD-CFEF280C992F}.Release|Any CPU.Build.0 = Release|Any CPU
		{B5BCA259-C955-45C9-AF62-12651F6B93D3}.Debug|Any CPU.ActiveCfg = Debug|Any CPU
		{B5BCA259-C955-45C9-AF62-12651F6B93D3}.Debug|Any CPU.Build.0 = Debug|Any CPU
		{B5BCA259-C955-45C9-AF62-12651F6B93D3}.Release|Any CPU.ActiveCfg = Release|Any CPU
		{B5BCA259-C955-45C9-AF62-12651F6B93D3}.Release|Any CPU.Build.0 = Release|Any CPU
		{5EAFB464-A6BC-47E1-A05C-B656AB264F76}.Debug|Any CPU.ActiveCfg = Debug|Any CPU
		{5EAFB464-A6BC-47E1-A05C-B656AB264F76}.Debug|Any CPU.Build.0 = Debug|Any CPU
		{5EAFB464-A6BC-47E1-A05C-B656AB264F76}.Release|Any CPU.ActiveCfg = Release|Any CPU
		{5EAFB464-A6BC-47E1-A05C-B656AB264F76}.Release|Any CPU.Build.0 = Release|Any CPU
		{E2877D3A-8562-4AAA-A452-5AC49E2645FF}.Debug|Any CPU.ActiveCfg = Debug|Any CPU
		{E2877D3A-8562-4AAA-A452-5AC49E2645FF}.Debug|Any CPU.Build.0 = Debug|Any CPU
		{E2877D3A-8562-4AAA-A452-5AC49E2645FF}.Release|Any CPU.ActiveCfg = Release|Any CPU
		{E2877D3A-8562-4AAA-A452-5AC49E2645FF}.Release|Any CPU.Build.0 = Release|Any CPU
	EndGlobalSection
	GlobalSection(SolutionProperties) = preSolution
		HideSolutionNode = FALSE
	EndGlobalSection
	GlobalSection(ExtensibilityGlobals) = postSolution
		SolutionGuid = {E1450D70-8536-4CBF-A7EB-09CF99714EA3}
	EndGlobalSection
EndGlobal
